// !$*UTF8*$!
{
	archiveVersion = 1;
	classes = {
	};
	objectVersion = 46;
	objects = {

/* Begin PBXBuildFile section */
		896B3A3C1DAB85F400F350EE /* AppDelegate.m in Sources */ = {isa = PBXBuildFile; fileRef = 896B3A3B1DAB85F400F350EE /* AppDelegate.m */; };
		896B3A4B1DAB88B600F350EE /* libModuleA.a in Frameworks */ = {isa = PBXBuildFile; fileRef = 896B3A4A1DAB88B600F350EE /* libModuleA.a */; };
		896B3A591DAB9FD800F350EE /* libWork.a in Frameworks */ = {isa = PBXBuildFile; fileRef = 896B3A581DAB9FD800F350EE /* libWork.a */; };
		897506411DAA4DC800FFF08A /* main.m in Sources */ = {isa = PBXBuildFile; fileRef = 897506401DAA4DC800FFF08A /* main.m */; };
		8975064C1DAA4DC800FFF08A /* Assets.xcassets in Resources */ = {isa = PBXBuildFile; fileRef = 8975064B1DAA4DC800FFF08A /* Assets.xcassets */; };
/* End PBXBuildFile section */

/* Begin PBXFileReference section */
		896B3A3A1DAB85F400F350EE /* AppDelegate.h */ = {isa = PBXFileReference; fileEncoding = 4; lastKnownFileType = sourcecode.c.h; name = AppDelegate.h; path = ../../../AppDelegate/AppDelegate.h; sourceTree = "<group>"; };
		896B3A3B1DAB85F400F350EE /* AppDelegate.m */ = {isa = PBXFileReference; fileEncoding = 4; lastKnownFileType = sourcecode.c.objc; name = AppDelegate.m; path = ../../../AppDelegate/AppDelegate.m; sourceTree = "<group>"; };
		896B3A4A1DAB88B600F350EE /* libModuleA.a */ = {isa = PBXFileReference; lastKnownFileType = archive.ar; name = libModuleA.a; path = "../../Library/ModuleA/Debug-iphoneos/libModuleA.a"; sourceTree = "<group>"; };
		896B3A581DAB9FD800F350EE /* libWork.a */ = {isa = PBXFileReference; lastKnownFileType = archive.ar; name = libWork.a; path = "../../Library/Work/Debug-iphoneos/libWork.a"; sourceTree = "<group>"; };
		8975063C1DAA4DC800FFF08A /* Componentization.app */ = {isa = PBXFileReference; explicitFileType = wrapper.application; includeInIndex = 0; path = Componentization.app; sourceTree = BUILT_PRODUCTS_DIR; };
		897506401DAA4DC800FFF08A /* main.m */ = {isa = PBXFileReference; lastKnownFileType = sourcecode.c.objc; path = main.m; sourceTree = "<group>"; };
		8975064B1DAA4DC800FFF08A /* Assets.xcassets */ = {isa = PBXFileReference; lastKnownFileType = folder.assetcatalog; path = Assets.xcassets; sourceTree = "<group>"; };
		897506501DAA4DC800FFF08A /* Info.plist */ = {isa = PBXFileReference; lastKnownFileType = text.plist.xml; path = Info.plist; sourceTree = "<group>"; };
		8975067F1DAA5F8600FFF08A /* Componentization-Prefix.pch */ = {isa = PBXFileReference; fileEncoding = 4; lastKnownFileType = sourcecode.c.h; path = "Componentization-Prefix.pch"; sourceTree = "<group>"; };
/* End PBXFileReference section */

/* Begin PBXFrameworksBuildPhase section */
		897506391DAA4DC800FFF08A /* Frameworks */ = {
			isa = PBXFrameworksBuildPhase;
			buildActionMask = 2147483647;
			files = (
				896B3A591DAB9FD800F350EE /* libWork.a in Frameworks */,
				896B3A4B1DAB88B600F350EE /* libModuleA.a in Frameworks */,
			);
			runOnlyForDeploymentPostprocessing = 0;
		};
/* End PBXFrameworksBuildPhase section */

/* Begin PBXGroup section */
		891A03F91DAB631F0011F656 /* Resource */ = {
			isa = PBXGroup;
			children = (
			);
			name = Resource;
			path = ../Resource;
			sourceTree = "<group>";
		};
		897506331DAA4DC800FFF08A = {
			isa = PBXGroup;
			children = (
				8975063E1DAA4DC800FFF08A /* Componentization */,
				897633051DAB5EE9001EA2ED /* Frameworks */,
				8975063D1DAA4DC800FFF08A /* Products */,
				891A03F91DAB631F0011F656 /* Resource */,
			);
			sourceTree = "<group>";
		};
		8975063D1DAA4DC800FFF08A /* Products */ = {
			isa = PBXGroup;
			children = (
				8975063C1DAA4DC800FFF08A /* Componentization.app */,
			);
			name = Products;
			sourceTree = "<group>";
		};
		8975063E1DAA4DC800FFF08A /* Componentization */ = {
			isa = PBXGroup;
			children = (
				896B3A3A1DAB85F400F350EE /* AppDelegate.h */,
				896B3A3B1DAB85F400F350EE /* AppDelegate.m */,
				8975063F1DAA4DC800FFF08A /* Supporting Files */,
			);
			path = Componentization;
			sourceTree = "<group>";
		};
		8975063F1DAA4DC800FFF08A /* Supporting Files */ = {
			isa = PBXGroup;
			children = (
				897506501DAA4DC800FFF08A /* Info.plist */,
				8975064B1DAA4DC800FFF08A /* Assets.xcassets */,
				897506401DAA4DC800FFF08A /* main.m */,
				8975067F1DAA5F8600FFF08A /* Componentization-Prefix.pch */,
			);
			name = "Supporting Files";
			sourceTree = "<group>";
		};
		897633051DAB5EE9001EA2ED /* Frameworks */ = {
			isa = PBXGroup;
			children = (
				896B3A581DAB9FD800F350EE /* libWork.a */,
				896B3A4A1DAB88B600F350EE /* libModuleA.a */,
			);
			name = Frameworks;
			sourceTree = "<group>";
		};
/* End PBXGroup section */

/* Begin PBXNativeTarget section */
		8975063B1DAA4DC800FFF08A /* Componentization */ = {
			isa = PBXNativeTarget;
			buildConfigurationList = 897506691DAA4DC800FFF08A /* Build configuration list for PBXNativeTarget "Componentization" */;
			buildPhases = (
				897506381DAA4DC800FFF08A /* Sources */,
				897506391DAA4DC800FFF08A /* Frameworks */,
				8975063A1DAA4DC800FFF08A /* Resources */,
			);
			buildRules = (
			);
			dependencies = (
			);
			name = Componentization;
			productName = Componentization;
			productReference = 8975063C1DAA4DC800FFF08A /* Componentization.app */;
			productType = "com.apple.product-type.application";
		};
/* End PBXNativeTarget section */

/* Begin PBXProject section */
		897506341DAA4DC800FFF08A /* Project object */ = {
			isa = PBXProject;
			attributes = {
				LastUpgradeCheck = 0730;
				ORGANIZATIONNAME = hanxt;
				TargetAttributes = {
					8975063B1DAA4DC800FFF08A = {
						CreatedOnToolsVersion = 7.3.1;
						DevelopmentTeam = R48Q5YKW7M;
					};
				};
			};
			buildConfigurationList = 897506371DAA4DC800FFF08A /* Build configuration list for PBXProject "Componentization" */;
			compatibilityVersion = "Xcode 3.2";
			developmentRegion = English;
			hasScannedForEncodings = 0;
			knownRegions = (
				en,
				Base,
			);
			mainGroup = 897506331DAA4DC800FFF08A;
			productRefGroup = 8975063D1DAA4DC800FFF08A /* Products */;
			projectDirPath = "";
			projectRoot = "";
			targets = (
				8975063B1DAA4DC800FFF08A /* Componentization */,
			);
		};
/* End PBXProject section */

/* Begin PBXResourcesBuildPhase section */
		8975063A1DAA4DC800FFF08A /* Resources */ = {
			isa = PBXResourcesBuildPhase;
			buildActionMask = 2147483647;
			files = (
				8975064C1DAA4DC800FFF08A /* Assets.xcassets in Resources */,
			);
			runOnlyForDeploymentPostprocessing = 0;
		};
/* End PBXResourcesBuildPhase section */

/* Begin PBXSourcesBuildPhase section */
		897506381DAA4DC800FFF08A /* Sources */ = {
			isa = PBXSourcesBuildPhase;
			buildActionMask = 2147483647;
			files = (
				896B3A3C1DAB85F400F350EE /* AppDelegate.m in Sources */,
				897506411DAA4DC800FFF08A /* main.m in Sources */,
			);
			runOnlyForDeploymentPostprocessing = 0;
		};
/* End PBXSourcesBuildPhase section */

/* Begin XCBuildConfiguration section */
		897506671DAA4DC800FFF08A /* Debug */ = {
			isa = XCBuildConfiguration;
			buildSettings = {
				ALWAYS_SEARCH_USER_PATHS = NO;
				CLANG_ANALYZER_NONNULL = YES;
				CLANG_CXX_LANGUAGE_STANDARD = "gnu++0x";
				CLANG_CXX_LIBRARY = "libc++";
				CLANG_ENABLE_MODULES = YES;
				CLANG_ENABLE_OBJC_ARC = YES;
				CLANG_WARN_BOOL_CONVERSION = YES;
				CLANG_WARN_CONSTANT_CONVERSION = YES;
				CLANG_WARN_DIRECT_OBJC_ISA_USAGE = YES_ERROR;
				CLANG_WARN_EMPTY_BODY = YES;
				CLANG_WARN_ENUM_CONVERSION = YES;
				CLANG_WARN_INT_CONVERSION = YES;
				CLANG_WARN_OBJC_ROOT_CLASS = YES_ERROR;
				CLANG_WARN_UNREACHABLE_CODE = YES;
				CLANG_WARN__DUPLICATE_METHOD_MATCH = YES;
				"CODE_SIGN_IDENTITY[sdk=iphoneos*]" = "iPhone Developer";
				COPY_PHASE_STRIP = NO;
				DEBUG_INFORMATION_FORMAT = dwarf;
				ENABLE_BITCODE = NO;
				ENABLE_STRICT_OBJC_MSGSEND = YES;
				ENABLE_TESTABILITY = YES;
				GCC_C_LANGUAGE_STANDARD = gnu99;
				GCC_DYNAMIC_NO_PIC = NO;
				GCC_NO_COMMON_BLOCKS = YES;
				GCC_OPTIMIZATION_LEVEL = 0;
				GCC_PREPROCESSOR_DEFINITIONS = (
					"DEBUG=1",
					"$(inherited)",
				);
				GCC_WARN_64_TO_32_BIT_CONVERSION = YES;
				GCC_WARN_ABOUT_RETURN_TYPE = YES_ERROR;
				GCC_WARN_UNDECLARED_SELECTOR = YES;
				GCC_WARN_UNINITIALIZED_AUTOS = YES_AGGRESSIVE;
				GCC_WARN_UNUSED_FUNCTION = YES;
				GCC_WARN_UNUSED_VARIABLE = YES;
				IPHONEOS_DEPLOYMENT_TARGET = 9.3;
				MTL_ENABLE_DEBUG_INFO = YES;
				ONLY_ACTIVE_ARCH = YES;
				SDKROOT = iphoneos;
				TARGETED_DEVICE_FAMILY = "1,2";
			};
			name = Debug;
		};
		897506681DAA4DC800FFF08A /* Release */ = {
			isa = XCBuildConfiguration;
			buildSettings = {
				ALWAYS_SEARCH_USER_PATHS = NO;
				CLANG_ANALYZER_NONNULL = YES;
				CLANG_CXX_LANGUAGE_STANDARD = "gnu++0x";
				CLANG_CXX_LIBRARY = "libc++";
				CLANG_ENABLE_MODULES = YES;
				CLANG_ENABLE_OBJC_ARC = YES;
				CLANG_WARN_BOOL_CONVERSION = YES;
				CLANG_WARN_CONSTANT_CONVERSION = YES;
				CLANG_WARN_DIRECT_OBJC_ISA_USAGE = YES_ERROR;
				CLANG_WARN_EMPTY_BODY = YES;
				CLANG_WARN_ENUM_CONVERSION = YES;
				CLANG_WARN_INT_CONVERSION = YES;
				CLANG_WARN_OBJC_ROOT_CLASS = YES_ERROR;
				CLANG_WARN_UNREACHABLE_CODE = YES;
				CLANG_WARN__DUPLICATE_METHOD_MATCH = YES;
				"CODE_SIGN_IDENTITY[sdk=iphoneos*]" = "iPhone Developer";
				COPY_PHASE_STRIP = NO;
				DEBUG_INFORMATION_FORMAT = "dwarf-with-dsym";
				ENABLE_BITCODE = NO;
				ENABLE_NS_ASSERTIONS = NO;
				ENABLE_STRICT_OBJC_MSGSEND = YES;
				GCC_C_LANGUAGE_STANDARD = gnu99;
				GCC_NO_COMMON_BLOCKS = YES;
				GCC_WARN_64_TO_32_BIT_CONVERSION = YES;
				GCC_WARN_ABOUT_RETURN_TYPE = YES_ERROR;
				GCC_WARN_UNDECLARED_SELECTOR = YES;
				GCC_WARN_UNINITIALIZED_AUTOS = YES_AGGRESSIVE;
				GCC_WARN_UNUSED_FUNCTION = YES;
				GCC_WARN_UNUSED_VARIABLE = YES;
				IPHONEOS_DEPLOYMENT_TARGET = 9.3;
				MTL_ENABLE_DEBUG_INFO = NO;
				SDKROOT = iphoneos;
				TARGETED_DEVICE_FAMILY = "1,2";
				VALIDATE_PRODUCT = YES;
			};
			name = Release;
		};
		8975066A1DAA4DC800FFF08A /* Debug */ = {
			isa = XCBuildConfiguration;
			buildSettings = {
				ASSETCATALOG_COMPILER_APPICON_NAME = AppIcon;
				ASSETCATALOG_COMPILER_LAUNCHIMAGE_NAME = LaunchImage;
				DEVELOPMENT_TEAM = R48Q5YKW7M;
				ENABLE_BITCODE = NO;
				FRAMEWORK_SEARCH_PATHS = "";
				GCC_INCREASE_PRECOMPILED_HEADER_SHARING = NO;
				GCC_PREFIX_HEADER = "Componentization/Componentization-Prefix.pch";
				HEADER_SEARCH_PATHS = (
					../../Library/ModuleA/inc,
					../../Library/Work/inc,
				);
				INFOPLIST_FILE = Componentization/Info.plist;
				IPHONEOS_DEPLOYMENT_TARGET = 10.0;
				LD_RUNPATH_SEARCH_PATHS = "$(inherited) @executable_path/Frameworks";
				LIBRARY_SEARCH_PATHS = (
					"../../Library/ModuleA/$(CONFIGURATION)$(EFFECTIVE_PLATFORM_NAME)",
					"../../Library/Work/$(CONFIGURATION)$(EFFECTIVE_PLATFORM_NAME)",
				);
				OTHER_LDFLAGS = "-Objc";
				PRODUCT_BUNDLE_IDENTIFIER = com.fxiaoke.Componentization;
				PRODUCT_NAME = "$(TARGET_NAME)";
			};
			name = Debug;
		};
		8975066B1DAA4DC800FFF08A /* Release */ = {
			isa = XCBuildConfiguration;
			buildSettings = {
				ASSETCATALOG_COMPILER_APPICON_NAME = AppIcon;
				ASSETCATALOG_COMPILER_LAUNCHIMAGE_NAME = LaunchImage;
				DEVELOPMENT_TEAM = R48Q5YKW7M;
				ENABLE_BITCODE = NO;
				FRAMEWORK_SEARCH_PATHS = "";
				GCC_INCREASE_PRECOMPILED_HEADER_SHARING = NO;
				GCC_PREFIX_HEADER = "Componentization/Componentization-Prefix.pch";
				HEADER_SEARCH_PATHS = (
					../../Library/ModuleA/inc,
					../../Library/Work/inc,
				);
				INFOPLIST_FILE = Componentization/Info.plist;
				IPHONEOS_DEPLOYMENT_TARGET = 10.0;
				LD_RUNPATH_SEARCH_PATHS = "$(inherited) @executable_path/Frameworks";
				LIBRARY_SEARCH_PATHS = "../../Library/ModuleA/$(CONFIGURATION)$(EFFECTIVE_PLATFORM_NAME)";
				OTHER_LDFLAGS = "-Objc";
				PRODUCT_BUNDLE_IDENTIFIER = com.fxiaoke.Componentization;
				PRODUCT_NAME = "$(TARGET_NAME)";
			};
			name = Release;
		};
/* End XCBuildConfiguration section */

/* Begin XCConfigurationList section */
		897506371DAA4DC800FFF08A /* Build configuration list for PBXProject "Componentization" */ = {
			isa = XCConfigurationList;
			buildConfigurations = (
				897506671DAA4DC800FFF08A /* Debug */,
				897506681DAA4DC800FFF08A /* Release */,
			);
			defaultConfigurationIsVisible = 0;
			defaultConfigurationName = Release;
		};
		897506691DAA4DC800FFF08A /* Build configuration list for PBXNativeTarget "Componentization" */ = {
			isa = XCConfigurationList;
			buildConfigurations = (
				8975066A1DAA4DC800FFF08A /* Debug */,
				8975066B1DAA4DC800FFF08A /* Release */,
			);
			defaultConfigurationIsVisible = 0;
			defaultConfigurationName = Release;
		};
/* End XCConfigurationList section */
	};
	rootObject = 897506341DAA4DC800FFF08A /* Project object */;
}
